// !$*UTF8*$!
{
	archiveVersion = 1;
	classes = {
	};
	objectVersion = 55;
	objects = {

/* Begin PBXBuildFile section */
		E5F01D5328273EA6002BC9F4 /* AppDelegate.swift in Sources */ = {isa = PBXBuildFile; fileRef = E5F01D5228273EA6002BC9F4 /* AppDelegate.swift */; };
		E5F01D5528273EA6002BC9F4 /* ViewController.swift in Sources */ = {isa = PBXBuildFile; fileRef = E5F01D5428273EA6002BC9F4 /* ViewController.swift */; };
		E5F01D5728273EA7002BC9F4 /* Assets.xcassets in Resources */ = {isa = PBXBuildFile; fileRef = E5F01D5628273EA7002BC9F4 /* Assets.xcassets */; };
		E5F01D5A28273EA7002BC9F4 /* Main.storyboard in Resources */ = {isa = PBXBuildFile; fileRef = E5F01D5828273EA7002BC9F4 /* Main.storyboard */; };
		E5F01D6528273EA7002BC9F4 /* MotionFetcherTests.swift in Sources */ = {isa = PBXBuildFile; fileRef = E5F01D6428273EA7002BC9F4 /* MotionFetcherTests.swift */; };
		E5F01D6F28273EA7002BC9F4 /* MotionFetcherUITests.swift in Sources */ = {isa = PBXBuildFile; fileRef = E5F01D6E28273EA7002BC9F4 /* MotionFetcherUITests.swift */; };
		E5F01D7128273EA7002BC9F4 /* MotionFetcherUITestsLaunchTests.swift in Sources */ = {isa = PBXBuildFile; fileRef = E5F01D7028273EA7002BC9F4 /* MotionFetcherUITestsLaunchTests.swift */; };
		E5F01D7E28273EE9002BC9F4 /* Info.plist in Resources */ = {isa = PBXBuildFile; fileRef = E5F01D7D28273EE9002BC9F4 /* Info.plist */; };
		E5F01D8028275F74002BC9F4 /* CKModel.swift in Sources */ = {isa = PBXBuildFile; fileRef = E5F01D7F28275F74002BC9F4 /* CKModel.swift */; };
		E5F01D8228275FFF002BC9F4 /* Config.swift in Sources */ = {isa = PBXBuildFile; fileRef = E5F01D8128275FFF002BC9F4 /* Config.swift */; };
		E5F01D8628276135002BC9F4 /* Logging in Frameworks */ = {isa = PBXBuildFile; productRef = E5F01D8528276135002BC9F4 /* Logging */; };
/* End PBXBuildFile section */

/* Begin PBXContainerItemProxy section */
		E5F01D6128273EA7002BC9F4 /* PBXContainerItemProxy */ = {
			isa = PBXContainerItemProxy;
			containerPortal = E5F01D4728273EA6002BC9F4 /* Project object */;
			proxyType = 1;
			remoteGlobalIDString = E5F01D4E28273EA6002BC9F4;
			remoteInfo = MotionFetcher;
		};
		E5F01D6B28273EA7002BC9F4 /* PBXContainerItemProxy */ = {
			isa = PBXContainerItemProxy;
			containerPortal = E5F01D4728273EA6002BC9F4 /* Project object */;
			proxyType = 1;
			remoteGlobalIDString = E5F01D4E28273EA6002BC9F4;
			remoteInfo = MotionFetcher;
		};
/* End PBXContainerItemProxy section */

/* Begin PBXFileReference section */
		E5F01D4F28273EA6002BC9F4 /* MotionFetcher.app */ = {isa = PBXFileReference; explicitFileType = wrapper.application; includeInIndex = 0; path = MotionFetcher.app; sourceTree = BUILT_PRODUCTS_DIR; };
		E5F01D5228273EA6002BC9F4 /* AppDelegate.swift */ = {isa = PBXFileReference; lastKnownFileType = sourcecode.swift; path = AppDelegate.swift; sourceTree = "<group>"; };
		E5F01D5428273EA6002BC9F4 /* ViewController.swift */ = {isa = PBXFileReference; lastKnownFileType = sourcecode.swift; path = ViewController.swift; sourceTree = "<group>"; };
		E5F01D5628273EA7002BC9F4 /* Assets.xcassets */ = {isa = PBXFileReference; lastKnownFileType = folder.assetcatalog; path = Assets.xcassets; sourceTree = "<group>"; };
		E5F01D5928273EA7002BC9F4 /* Base */ = {isa = PBXFileReference; lastKnownFileType = file.storyboard; name = Base; path = Base.lproj/Main.storyboard; sourceTree = "<group>"; };
		E5F01D5B28273EA7002BC9F4 /* MotionFetcher.entitlements */ = {isa = PBXFileReference; lastKnownFileType = text.plist.entitlements; path = MotionFetcher.entitlements; sourceTree = "<group>"; };
		E5F01D6028273EA7002BC9F4 /* MotionFetcherTests.xctest */ = {isa = PBXFileReference; explicitFileType = wrapper.cfbundle; includeInIndex = 0; path = MotionFetcherTests.xctest; sourceTree = BUILT_PRODUCTS_DIR; };
		E5F01D6428273EA7002BC9F4 /* MotionFetcherTests.swift */ = {isa = PBXFileReference; lastKnownFileType = sourcecode.swift; path = MotionFetcherTests.swift; sourceTree = "<group>"; };
		E5F01D6A28273EA7002BC9F4 /* MotionFetcherUITests.xctest */ = {isa = PBXFileReference; explicitFileType = wrapper.cfbundle; includeInIndex = 0; path = MotionFetcherUITests.xctest; sourceTree = BUILT_PRODUCTS_DIR; };
		E5F01D6E28273EA7002BC9F4 /* MotionFetcherUITests.swift */ = {isa = PBXFileReference; lastKnownFileType = sourcecode.swift; path = MotionFetcherUITests.swift; sourceTree = "<group>"; };
		E5F01D7028273EA7002BC9F4 /* MotionFetcherUITestsLaunchTests.swift */ = {isa = PBXFileReference; lastKnownFileType = sourcecode.swift; path = MotionFetcherUITestsLaunchTests.swift; sourceTree = "<group>"; };
		E5F01D7D28273EE9002BC9F4 /* Info.plist */ = {isa = PBXFileReference; lastKnownFileType = text.plist.xml; path = Info.plist; sourceTree = "<group>"; };
		E5F01D7F28275F74002BC9F4 /* CKModel.swift */ = {isa = PBXFileReference; lastKnownFileType = sourcecode.swift; path = CKModel.swift; sourceTree = "<group>"; };
		E5F01D8128275FFF002BC9F4 /* Config.swift */ = {isa = PBXFileReference; lastKnownFileType = sourcecode.swift; path = Config.swift; sourceTree = "<group>"; };
/* End PBXFileReference section */

/* Begin PBXFrameworksBuildPhase section */
		E5F01D4C28273EA6002BC9F4 /* Frameworks */ = {
			isa = PBXFrameworksBuildPhase;
			buildActionMask = 2147483647;
			files = (
				E5F01D8628276135002BC9F4 /* Logging in Frameworks */,
			);
			runOnlyForDeploymentPostprocessing = 0;
		};
		E5F01D5D28273EA7002BC9F4 /* Frameworks */ = {
			isa = PBXFrameworksBuildPhase;
			buildActionMask = 2147483647;
			files = (
			);
			runOnlyForDeploymentPostprocessing = 0;
		};
		E5F01D6728273EA7002BC9F4 /* Frameworks */ = {
			isa = PBXFrameworksBuildPhase;
			buildActionMask = 2147483647;
			files = (
			);
			runOnlyForDeploymentPostprocessing = 0;
		};
/* End PBXFrameworksBuildPhase section */

/* Begin PBXGroup section */
		E5F01D4628273EA6002BC9F4 = {
			isa = PBXGroup;
			children = (
				E5F01D5128273EA6002BC9F4 /* MotionFetcher */,
				E5F01D6328273EA7002BC9F4 /* MotionFetcherTests */,
				E5F01D6D28273EA7002BC9F4 /* MotionFetcherUITests */,
				E5F01D5028273EA6002BC9F4 /* Products */,
				E5F01D832827611A002BC9F4 /* Frameworks */,
			);
			sourceTree = "<group>";
		};
		E5F01D5028273EA6002BC9F4 /* Products */ = {
			isa = PBXGroup;
			children = (
				E5F01D4F28273EA6002BC9F4 /* MotionFetcher.app */,
				E5F01D6028273EA7002BC9F4 /* MotionFetcherTests.xctest */,
				E5F01D6A28273EA7002BC9F4 /* MotionFetcherUITests.xctest */,
			);
			name = Products;
			sourceTree = "<group>";
		};
		E5F01D5128273EA6002BC9F4 /* MotionFetcher */ = {
			isa = PBXGroup;
			children = (
				E5F01D7D28273EE9002BC9F4 /* Info.plist */,
				E5F01D5228273EA6002BC9F4 /* AppDelegate.swift */,
				E5F01D5428273EA6002BC9F4 /* ViewController.swift */,
				E5F01D7F28275F74002BC9F4 /* CKModel.swift */,
				E5F01D8128275FFF002BC9F4 /* Config.swift */,
				E5F01D5628273EA7002BC9F4 /* Assets.xcassets */,
				E5F01D5828273EA7002BC9F4 /* Main.storyboard */,
				E5F01D5B28273EA7002BC9F4 /* MotionFetcher.entitlements */,
			);
			path = MotionFetcher;
			sourceTree = "<group>";
		};
		E5F01D6328273EA7002BC9F4 /* MotionFetcherTests */ = {
			isa = PBXGroup;
			children = (
				E5F01D6428273EA7002BC9F4 /* MotionFetcherTests.swift */,
			);
			path = MotionFetcherTests;
			sourceTree = "<group>";
		};
		E5F01D6D28273EA7002BC9F4 /* MotionFetcherUITests */ = {
			isa = PBXGroup;
			children = (
				E5F01D6E28273EA7002BC9F4 /* MotionFetcherUITests.swift */,
				E5F01D7028273EA7002BC9F4 /* MotionFetcherUITestsLaunchTests.swift */,
			);
			path = MotionFetcherUITests;
			sourceTree = "<group>";
		};
		E5F01D832827611A002BC9F4 /* Frameworks */ = {
			isa = PBXGroup;
			children = (
			);
			name = Frameworks;
			sourceTree = "<group>";
		};
/* End PBXGroup section */

/* Begin PBXNativeTarget section */
		E5F01D4E28273EA6002BC9F4 /* MotionFetcher */ = {
			isa = PBXNativeTarget;
			buildConfigurationList = E5F01D7428273EA7002BC9F4 /* Build configuration list for PBXNativeTarget "MotionFetcher" */;
			buildPhases = (
				E5F01D4B28273EA6002BC9F4 /* Sources */,
				E5F01D4C28273EA6002BC9F4 /* Frameworks */,
				E5F01D4D28273EA6002BC9F4 /* Resources */,
			);
			buildRules = (
			);
			dependencies = (
			);
			name = MotionFetcher;
			packageProductDependencies = (
				E5F01D8528276135002BC9F4 /* Logging */,
			);
			productName = MotionFetcher;
			productReference = E5F01D4F28273EA6002BC9F4 /* MotionFetcher.app */;
			productType = "com.apple.product-type.application";
		};
		E5F01D5F28273EA7002BC9F4 /* MotionFetcherTests */ = {
			isa = PBXNativeTarget;
			buildConfigurationList = E5F01D7728273EA7002BC9F4 /* Build configuration list for PBXNativeTarget "MotionFetcherTests" */;
			buildPhases = (
				E5F01D5C28273EA7002BC9F4 /* Sources */,
				E5F01D5D28273EA7002BC9F4 /* Frameworks */,
				E5F01D5E28273EA7002BC9F4 /* Resources */,
			);
			buildRules = (
			);
			dependencies = (
				E5F01D6228273EA7002BC9F4 /* PBXTargetDependency */,
			);
			name = MotionFetcherTests;
			productName = MotionFetcherTests;
			productReference = E5F01D6028273EA7002BC9F4 /* MotionFetcherTests.xctest */;
			productType = "com.apple.product-type.bundle.unit-test";
		};
		E5F01D6928273EA7002BC9F4 /* MotionFetcherUITests */ = {
			isa = PBXNativeTarget;
			buildConfigurationList = E5F01D7A28273EA7002BC9F4 /* Build configuration list for PBXNativeTarget "MotionFetcherUITests" */;
			buildPhases = (
				E5F01D6628273EA7002BC9F4 /* Sources */,
				E5F01D6728273EA7002BC9F4 /* Frameworks */,
				E5F01D6828273EA7002BC9F4 /* Resources */,
			);
			buildRules = (
			);
			dependencies = (
				E5F01D6C28273EA7002BC9F4 /* PBXTargetDependency */,
			);
			name = MotionFetcherUITests;
			productName = MotionFetcherUITests;
			productReference = E5F01D6A28273EA7002BC9F4 /* MotionFetcherUITests.xctest */;
			productType = "com.apple.product-type.bundle.ui-testing";
		};
/* End PBXNativeTarget section */

/* Begin PBXProject section */
		E5F01D4728273EA6002BC9F4 /* Project object */ = {
			isa = PBXProject;
			attributes = {
				BuildIndependentTargetsInParallel = 1;
				LastSwiftUpdateCheck = 1320;
				LastUpgradeCheck = 1320;
				TargetAttributes = {
					E5F01D4E28273EA6002BC9F4 = {
						CreatedOnToolsVersion = 13.2.1;
					};
					E5F01D5F28273EA7002BC9F4 = {
						CreatedOnToolsVersion = 13.2.1;
						TestTargetID = E5F01D4E28273EA6002BC9F4;
					};
					E5F01D6928273EA7002BC9F4 = {
						CreatedOnToolsVersion = 13.2.1;
						TestTargetID = E5F01D4E28273EA6002BC9F4;
					};
				};
			};
			buildConfigurationList = E5F01D4A28273EA6002BC9F4 /* Build configuration list for PBXProject "MotionFetcher" */;
			compatibilityVersion = "Xcode 13.0";
			developmentRegion = en;
			hasScannedForEncodings = 0;
			knownRegions = (
				en,
				Base,
			);
			mainGroup = E5F01D4628273EA6002BC9F4;
			packageReferences = (
				E5F01D8428276135002BC9F4 /* XCRemoteSwiftPackageReference "swift-log" */,
			);
			productRefGroup = E5F01D5028273EA6002BC9F4 /* Products */;
			projectDirPath = "";
			projectRoot = "";
			targets = (
				E5F01D4E28273EA6002BC9F4 /* MotionFetcher */,
				E5F01D5F28273EA7002BC9F4 /* MotionFetcherTests */,
				E5F01D6928273EA7002BC9F4 /* MotionFetcherUITests */,
			);
		};
/* End PBXProject section */

/* Begin PBXResourcesBuildPhase section */
		E5F01D4D28273EA6002BC9F4 /* Resources */ = {
			isa = PBXResourcesBuildPhase;
			buildActionMask = 2147483647;
			files = (
				E5F01D5728273EA7002BC9F4 /* Assets.xcassets in Resources */,
				E5F01D5A28273EA7002BC9F4 /* Main.storyboard in Resources */,
				E5F01D7E28273EE9002BC9F4 /* Info.plist in Resources */,
			);
			runOnlyForDeploymentPostprocessing = 0;
		};
		E5F01D5E28273EA7002BC9F4 /* Resources */ = {
			isa = PBXResourcesBuildPhase;
			buildActionMask = 2147483647;
			files = (
			);
			runOnlyForDeploymentPostprocessing = 0;
		};
		E5F01D6828273EA7002BC9F4 /* Resources */ = {
			isa = PBXResourcesBuildPhase;
			buildActionMask = 2147483647;
			files = (
			);
			runOnlyForDeploymentPostprocessing = 0;
		};
/* End PBXResourcesBuildPhase section */

/* Begin PBXSourcesBuildPhase section */
		E5F01D4B28273EA6002BC9F4 /* Sources */ = {
			isa = PBXSourcesBuildPhase;
			buildActionMask = 2147483647;
			files = (
				E5F01D5528273EA6002BC9F4 /* ViewController.swift in Sources */,
				E5F01D8228275FFF002BC9F4 /* Config.swift in Sources */,
				E5F01D5328273EA6002BC9F4 /* AppDelegate.swift in Sources */,
				E5F01D8028275F74002BC9F4 /* CKModel.swift in Sources */,
			);
			runOnlyForDeploymentPostprocessing = 0;
		};
		E5F01D5C28273EA7002BC9F4 /* Sources */ = {
			isa = PBXSourcesBuildPhase;
			buildActionMask = 2147483647;
			files = (
				E5F01D6528273EA7002BC9F4 /* MotionFetcherTests.swift in Sources */,
			);
			runOnlyForDeploymentPostprocessing = 0;
		};
		E5F01D6628273EA7002BC9F4 /* Sources */ = {
			isa = PBXSourcesBuildPhase;
			buildActionMask = 2147483647;
			files = (
				E5F01D7128273EA7002BC9F4 /* MotionFetcherUITestsLaunchTests.swift in Sources */,
				E5F01D6F28273EA7002BC9F4 /* MotionFetcherUITests.swift in Sources */,
			);
			runOnlyForDeploymentPostprocessing = 0;
		};
/* End PBXSourcesBuildPhase section */

/* Begin PBXTargetDependency section */
		E5F01D6228273EA7002BC9F4 /* PBXTargetDependency */ = {
			isa = PBXTargetDependency;
			target = E5F01D4E28273EA6002BC9F4 /* MotionFetcher */;
			targetProxy = E5F01D6128273EA7002BC9F4 /* PBXContainerItemProxy */;
		};
		E5F01D6C28273EA7002BC9F4 /* PBXTargetDependency */ = {
			isa = PBXTargetDependency;
			target = E5F01D4E28273EA6002BC9F4 /* MotionFetcher */;
			targetProxy = E5F01D6B28273EA7002BC9F4 /* PBXContainerItemProxy */;
		};
/* End PBXTargetDependency section */

/* Begin PBXVariantGroup section */
		E5F01D5828273EA7002BC9F4 /* Main.storyboard */ = {
			isa = PBXVariantGroup;
			children = (
				E5F01D5928273EA7002BC9F4 /* Base */,
			);
			name = Main.storyboard;
			sourceTree = "<group>";
		};
/* End PBXVariantGroup section */

/* Begin XCBuildConfiguration section */
		E5F01D7228273EA7002BC9F4 /* Debug */ = {
			isa = XCBuildConfiguration;
			buildSettings = {
				ALWAYS_SEARCH_USER_PATHS = NO;
				CLANG_ANALYZER_NONNULL = YES;
				CLANG_ANALYZER_NUMBER_OBJECT_CONVERSION = YES_AGGRESSIVE;
				CLANG_CXX_LANGUAGE_STANDARD = "gnu++17";
				CLANG_CXX_LIBRARY = "libc++";
				CLANG_ENABLE_MODULES = YES;
				CLANG_ENABLE_OBJC_ARC = YES;
				CLANG_ENABLE_OBJC_WEAK = YES;
				CLANG_WARN_BLOCK_CAPTURE_AUTORELEASING = YES;
				CLANG_WARN_BOOL_CONVERSION = YES;
				CLANG_WARN_COMMA = YES;
				CLANG_WARN_CONSTANT_CONVERSION = YES;
				CLANG_WARN_DEPRECATED_OBJC_IMPLEMENTATIONS = YES;
				CLANG_WARN_DIRECT_OBJC_ISA_USAGE = YES_ERROR;
				CLANG_WARN_DOCUMENTATION_COMMENTS = YES;
				CLANG_WARN_EMPTY_BODY = YES;
				CLANG_WARN_ENUM_CONVERSION = YES;
				CLANG_WARN_INFINITE_RECURSION = YES;
				CLANG_WARN_INT_CONVERSION = YES;
				CLANG_WARN_NON_LITERAL_NULL_CONVERSION = YES;
				CLANG_WARN_OBJC_IMPLICIT_RETAIN_SELF = YES;
				CLANG_WARN_OBJC_LITERAL_CONVERSION = YES;
				CLANG_WARN_OBJC_ROOT_CLASS = YES_ERROR;
				CLANG_WARN_QUOTED_INCLUDE_IN_FRAMEWORK_HEADER = YES;
				CLANG_WARN_RANGE_LOOP_ANALYSIS = YES;
				CLANG_WARN_STRICT_PROTOTYPES = YES;
				CLANG_WARN_SUSPICIOUS_MOVE = YES;
				CLANG_WARN_UNGUARDED_AVAILABILITY = YES_AGGRESSIVE;
				CLANG_WARN_UNREACHABLE_CODE = YES;
				CLANG_WARN__DUPLICATE_METHOD_MATCH = YES;
				COPY_PHASE_STRIP = NO;
				DEBUG_INFORMATION_FORMAT = dwarf;
				ENABLE_STRICT_OBJC_MSGSEND = YES;
				ENABLE_TESTABILITY = YES;
				GCC_C_LANGUAGE_STANDARD = gnu11;
				GCC_DYNAMIC_NO_PIC = NO;
				GCC_NO_COMMON_BLOCKS = YES;
				GCC_OPTIMIZATION_LEVEL = 0;
				GCC_PREPROCESSOR_DEFINITIONS = (
					"DEBUG=1",
					"$(inherited)",
				);
				GCC_WARN_64_TO_32_BIT_CONVERSION = YES;
				GCC_WARN_ABOUT_RETURN_TYPE = YES_ERROR;
				GCC_WARN_UNDECLARED_SELECTOR = YES;
				GCC_WARN_UNINITIALIZED_AUTOS = YES_AGGRESSIVE;
				GCC_WARN_UNUSED_FUNCTION = YES;
				GCC_WARN_UNUSED_VARIABLE = YES;
				MACOSX_DEPLOYMENT_TARGET = 12.0;
				MTL_ENABLE_DEBUG_INFO = INCLUDE_SOURCE;
				MTL_FAST_MATH = YES;
				ONLY_ACTIVE_ARCH = YES;
				SDKROOT = macosx;
				SWIFT_ACTIVE_COMPILATION_CONDITIONS = DEBUG;
				SWIFT_OPTIMIZATION_LEVEL = "-Onone";
			};
			name = Debug;
		};
		E5F01D7328273EA7002BC9F4 /* Release */ = {
			isa = XCBuildConfiguration;
			buildSettings = {
				ALWAYS_SEARCH_USER_PATHS = NO;
				CLANG_ANALYZER_NONNULL = YES;
				CLANG_ANALYZER_NUMBER_OBJECT_CONVERSION = YES_AGGRESSIVE;
				CLANG_CXX_LANGUAGE_STANDARD = "gnu++17";
				CLANG_CXX_LIBRARY = "libc++";
				CLANG_ENABLE_MODULES = YES;
				CLANG_ENABLE_OBJC_ARC = YES;
				CLANG_ENABLE_OBJC_WEAK = YES;
				CLANG_WARN_BLOCK_CAPTURE_AUTORELEASING = YES;
				CLANG_WARN_BOOL_CONVERSION = YES;
				CLANG_WARN_COMMA = YES;
				CLANG_WARN_CONSTANT_CONVERSION = YES;
				CLANG_WARN_DEPRECATED_OBJC_IMPLEMENTATIONS = YES;
				CLANG_WARN_DIRECT_OBJC_ISA_USAGE = YES_ERROR;
				CLANG_WARN_DOCUMENTATION_COMMENTS = YES;
				CLANG_WARN_EMPTY_BODY = YES;
				CLANG_WARN_ENUM_CONVERSION = YES;
				CLANG_WARN_INFINITE_RECURSION = YES;
				CLANG_WARN_INT_CONVERSION = YES;
				CLANG_WARN_NON_LITERAL_NULL_CONVERSION = YES;
				CLANG_WARN_OBJC_IMPLICIT_RETAIN_SELF = YES;
				CLANG_WARN_OBJC_LITERAL_CONVERSION = YES;
				CLANG_WARN_OBJC_ROOT_CLASS = YES_ERROR;
				CLANG_WARN_QUOTED_INCLUDE_IN_FRAMEWORK_HEADER = YES;
				CLANG_WARN_RANGE_LOOP_ANALYSIS = YES;
				CLANG_WARN_STRICT_PROTOTYPES = YES;
				CLANG_WARN_SUSPICIOUS_MOVE = YES;
				CLANG_WARN_UNGUARDED_AVAILABILITY = YES_AGGRESSIVE;
				CLANG_WARN_UNREACHABLE_CODE = YES;
				CLANG_WARN__DUPLICATE_METHOD_MATCH = YES;
				COPY_PHASE_STRIP = NO;
				DEBUG_INFORMATION_FORMAT = "dwarf-with-dsym";
				ENABLE_NS_ASSERTIONS = NO;
				ENABLE_STRICT_OBJC_MSGSEND = YES;
				GCC_C_LANGUAGE_STANDARD = gnu11;
				GCC_NO_COMMON_BLOCKS = YES;
				GCC_WARN_64_TO_32_BIT_CONVERSION = YES;
				GCC_WARN_ABOUT_RETURN_TYPE = YES_ERROR;
				GCC_WARN_UNDECLARED_SELECTOR = YES;
				GCC_WARN_UNINITIALIZED_AUTOS = YES_AGGRESSIVE;
				GCC_WARN_UNUSED_FUNCTION = YES;
				GCC_WARN_UNUSED_VARIABLE = YES;
				MACOSX_DEPLOYMENT_TARGET = 12.0;
				MTL_ENABLE_DEBUG_INFO = NO;
				MTL_FAST_MATH = YES;
				SDKROOT = macosx;
				SWIFT_COMPILATION_MODE = wholemodule;
				SWIFT_OPTIMIZATION_LEVEL = "-O";
			};
			name = Release;
		};
		E5F01D7528273EA7002BC9F4 /* Debug */ = {
			isa = XCBuildConfiguration;
			buildSettings = {
				ASSETCATALOG_COMPILER_APPICON_NAME = AppIcon;
				ASSETCATALOG_COMPILER_GLOBAL_ACCENT_COLOR_NAME = AccentColor;
				CODE_SIGN_ENTITLEMENTS = MotionFetcher/MotionFetcher.entitlements;
				CODE_SIGN_STYLE = Automatic;
				COMBINE_HIDPI_IMAGES = YES;
				CURRENT_PROJECT_VERSION = 1;
				DEVELOPMENT_TEAM = EDHRW4QH65;
				ENABLE_HARDENED_RUNTIME = YES;
				GENERATE_INFOPLIST_FILE = YES;
				INFOPLIST_KEY_NSHumanReadableCopyright = "";
				INFOPLIST_KEY_NSMainStoryboardFile = Main;
				INFOPLIST_KEY_NSPrincipalClass = NSApplication;
				LD_RUNPATH_SEARCH_PATHS = (
					"$(inherited)",
					"@executable_path/../Frameworks",
				);
				MARKETING_VERSION = 1.0;
				PRODUCT_BUNDLE_IDENTIFIER = com.Hoover.MotionFetcher;
				PRODUCT_NAME = "$(TARGET_NAME)";
				SWIFT_EMIT_LOC_STRINGS = YES;
				SWIFT_VERSION = 5.0;
			};
			name = Debug;
		};
		E5F01D7628273EA7002BC9F4 /* Release */ = {
			isa = XCBuildConfiguration;
			buildSettings = {
				ASSETCATALOG_COMPILER_APPICON_NAME = AppIcon;
				ASSETCATALOG_COMPILER_GLOBAL_ACCENT_COLOR_NAME = AccentColor;
				CODE_SIGN_ENTITLEMENTS = MotionFetcher/MotionFetcher.entitlements;
				CODE_SIGN_STYLE = Automatic;
				COMBINE_HIDPI_IMAGES = YES;
				CURRENT_PROJECT_VERSION = 1;
				DEVELOPMENT_TEAM = EDHRW4QH65;
				ENABLE_HARDENED_RUNTIME = YES;
				GENERATE_INFOPLIST_FILE = YES;
				INFOPLIST_KEY_NSHumanReadableCopyright = "";
				INFOPLIST_KEY_NSMainStoryboardFile = Main;
				INFOPLIST_KEY_NSPrincipalClass = NSApplication;
				LD_RUNPATH_SEARCH_PATHS = (
					"$(inherited)",
					"@executable_path/../Frameworks",
				);
				MARKETING_VERSION = 1.0;
				PRODUCT_BUNDLE_IDENTIFIER = com.Hoover.MotionFetcher;
				PRODUCT_NAME = "$(TARGET_NAME)";
				SWIFT_EMIT_LOC_STRINGS = YES;
				SWIFT_VERSION = 5.0;
			};
			name = Release;
		};
		E5F01D7828273EA7002BC9F4 /* Debug */ = {
			isa = XCBuildConfiguration;
			buildSettings = {
				ALWAYS_EMBED_SWIFT_STANDARD_LIBRARIES = YES;
				BUNDLE_LOADER = "$(TEST_HOST)";
				CODE_SIGN_STYLE = Automatic;
				CURRENT_PROJECT_VERSION = 1;
				DEVELOPMENT_TEAM = EDHRW4QH65;
				GENERATE_INFOPLIST_FILE = YES;
				MACOSX_DEPLOYMENT_TARGET = 12.0;
				MARKETING_VERSION = 1.0;
				PRODUCT_BUNDLE_IDENTIFIER = com.Hoover.MotionFetcherTests;
				PRODUCT_NAME = "$(TARGET_NAME)";
				SWIFT_EMIT_LOC_STRINGS = NO;
				SWIFT_VERSION = 5.0;
				TEST_HOST = "$(BUILT_PRODUCTS_DIR)/MotionFetcher.app/Contents/MacOS/MotionFetcher";
			};
			name = Debug;
		};
		E5F01D7928273EA7002BC9F4 /* Release */ = {
			isa = XCBuildConfiguration;
			buildSettings = {
				ALWAYS_EMBED_SWIFT_STANDARD_LIBRARIES = YES;
				BUNDLE_LOADER = "$(TEST_HOST)";
				CODE_SIGN_STYLE = Automatic;
				CURRENT_PROJECT_VERSION = 1;
				DEVELOPMENT_TEAM = EDHRW4QH65;
				GENERATE_INFOPLIST_FILE = YES;
				MACOSX_DEPLOYMENT_TARGET = 12.0;
				MARKETING_VERSION = 1.0;
				PRODUCT_BUNDLE_IDENTIFIER = com.Hoover.MotionFetcherTests;
				PRODUCT_NAME = "$(TARGET_NAME)";
				SWIFT_EMIT_LOC_STRINGS = NO;
				SWIFT_VERSION = 5.0;
				TEST_HOST = "$(BUILT_PRODUCTS_DIR)/MotionFetcher.app/Contents/MacOS/MotionFetcher";
			};
			name = Release;
		};
		E5F01D7B28273EA7002BC9F4 /* Debug */ = {
			isa = XCBuildConfiguration;
			buildSettings = {
				ALWAYS_EMBED_SWIFT_STANDARD_LIBRARIES = YES;
				CODE_SIGN_STYLE = Automatic;
				CURRENT_PROJECT_VERSION = 1;
				DEVELOPMENT_TEAM = EDHRW4QH65;
				GENERATE_INFOPLIST_FILE = YES;
				MARKETING_VERSION = 1.0;
				PRODUCT_BUNDLE_IDENTIFIER = com.Hoover.MotionFetcherUITests;
				PRODUCT_NAME = "$(TARGET_NAME)";
				SWIFT_EMIT_LOC_STRINGS = NO;
				SWIFT_VERSION = 5.0;
				TEST_TARGET_NAME = MotionFetcher;
			};
			name = Debug;
		};
		E5F01D7C28273EA7002BC9F4 /* Release */ = {
			isa = XCBuildConfiguration;
			buildSettings = {
				ALWAYS_EMBED_SWIFT_STANDARD_LIBRARIES = YES;
				CODE_SIGN_STYLE = Automatic;
				CURRENT_PROJECT_VERSION = 1;
				DEVELOPMENT_TEAM = EDHRW4QH65;
				GENERATE_INFOPLIST_FILE = YES;
				MARKETING_VERSION = 1.0;
				PRODUCT_BUNDLE_IDENTIFIER = com.Hoover.MotionFetcherUITests;
				PRODUCT_NAME = "$(TARGET_NAME)";
				SWIFT_EMIT_LOC_STRINGS = NO;
				SWIFT_VERSION = 5.0;
				TEST_TARGET_NAME = MotionFetcher;
			};
			name = Release;
		};
/* End XCBuildConfiguration section */

/* Begin XCConfigurationList section */
		E5F01D4A28273EA6002BC9F4 /* Build configuration list for PBXProject "MotionFetcher" */ = {
			isa = XCConfigurationList;
			buildConfigurations = (
				E5F01D7228273EA7002BC9F4 /* Debug */,
				E5F01D7328273EA7002BC9F4 /* Release */,
			);
			defaultConfigurationIsVisible = 0;
			defaultConfigurationName = Release;
		};
		E5F01D7428273EA7002BC9F4 /* Build configuration list for PBXNativeTarget "MotionFetcher" */ = {
			isa = XCConfigurationList;
			buildConfigurations = (
				E5F01D7528273EA7002BC9F4 /* Debug */,
				E5F01D7628273EA7002BC9F4 /* Release */,
			);
			defaultConfigurationIsVisible = 0;
			defaultConfigurationName = Release;
		};
		E5F01D7728273EA7002BC9F4 /* Build configuration list for PBXNativeTarget "MotionFetcherTests" */ = {
			isa = XCConfigurationList;
			buildConfigurations = (
				E5F01D7828273EA7002BC9F4 /* Debug */,
				E5F01D7928273EA7002BC9F4 /* Release */,
			);
			defaultConfigurationIsVisible = 0;
			defaultConfigurationName = Release;
		};
		E5F01D7A28273EA7002BC9F4 /* Build configuration list for PBXNativeTarget "MotionFetcherUITests" */ = {
			isa = XCConfigurationList;
			buildConfigurations = (
				E5F01D7B28273EA7002BC9F4 /* Debug */,
				E5F01D7C28273EA7002BC9F4 /* Release */,
			);
			defaultConfigurationIsVisible = 0;
			defaultConfigurationName = Release;
		};
/* End XCConfigurationList section */

/* Begin XCRemoteSwiftPackageReference section */
		E5F01D8428276135002BC9F4 /* XCRemoteSwiftPackageReference "swift-log" */ = {
			isa = XCRemoteSwiftPackageReference;
			repositoryURL = "https://github.com/apple/swift-log";
			requirement = {
				kind = upToNextMajorVersion;
				minimumVersion = 1.0.0;
			};
		};
/* End XCRemoteSwiftPackageReference section */

/* Begin XCSwiftPackageProductDependency section */
		E5F01D8528276135002BC9F4 /* Logging */ = {
			isa = XCSwiftPackageProductDependency;
			package = E5F01D8428276135002BC9F4 /* XCRemoteSwiftPackageReference "swift-log" */;
			productName = Logging;
		};
/* End XCSwiftPackageProductDependency section */
	};
	rootObject = E5F01D4728273EA6002BC9F4 /* Project object */;
}
